
Microsoft Visual Studio Solution File, Format Version 12.00
# Visual Studio Version 17
VisualStudioVersion = 17.8.34309.116
MinimumVisualStudioVersion = 10.0.40219.1
Project("{9A19103F-16F7-4668-BE54-9A1E7A4F7556}") = "AutomobileLibrary", "AutomobileLibrary\AutomobileLibrary.csproj", "{8551AE11-BAA3-47CF-9D0F-051019ACE0F7}"
EndProject
Project("{FAE04EC0-301F-11D3-BF4B-00C04F79EFBC}") = "AutomobileWinApp", "AutomobileWinApp\AutomobileWinApp.csproj", "{434FAFDF-98C2-4DEA-A8B5-C395F36BC4D5}"
EndProject
Global
	GlobalSection(SolutionConfigurationPlatforms) = preSolution
		Debug|Any CPU = Debug|Any CPU
		Release|Any CPU = Release|Any CPU
	EndGlobalSection
	GlobalSection(ProjectConfigurationPlatforms) = postSolution
		{8551AE11-BAA3-47CF-9D0F-051019ACE0F7}.Debug|Any CPU.ActiveCfg = Debug|Any CPU
		{8551AE11-BAA3-47CF-9D0F-051019ACE0F7}.Debug|Any CPU.Build.0 = Debug|Any CPU
		{8551AE11-BAA3-47CF-9D0F-051019ACE0F7}.Release|Any CPU.ActiveCfg = Release|Any CPU
		{8551AE11-BAA3-47CF-9D0F-051019ACE0F7}.Release|Any CPU.Build.0 = Release|Any CPU
		{434FAFDF-98C2-4DEA-A8B5-C395F36BC4D5}.Debug|Any CPU.ActiveCfg = Debug|Any CPU
		{434FAFDF-98C2-4DEA-A8B5-C395F36BC4D5}.Debug|Any CPU.Build.0 = Debug|Any CPU
		{434FAFDF-98C2-4DEA-A8B5-C395F36BC4D5}.Release|Any CPU.ActiveCfg = Release|Any CPU
		{434FAFDF-98C2-4DEA-A8B5-C395F36BC4D5}.Release|Any CPU.Build.0 = Release|Any CPU
	EndGlobalSection
	GlobalSection(SolutionProperties) = preSolution
		HideSolutionNode = FALSE
	EndGlobalSection
	GlobalSection(ExtensibilityGlobals) = postSolution
		SolutionGuid = {33DB81CE-E748-4AB9-97B9-8F8905B688C7}
	EndGlobalSection
EndGlobal
