
Microsoft Visual Studio Solution File, Format Version 12.00
# Visual Studio Version 17
VisualStudioVersion = 17.8.34309.116
MinimumVisualStudioVersion = 10.0.40219.1
Project("{FAE04EC0-301F-11D3-BF4B-00C04F79EFBC}") = "DataAccess", "DataAccess\DataAccess.csproj", "{C1651F4A-2E0F-4011-9B05-25E6DDB13413}"
EndProject
Project("{FAE04EC0-301F-11D3-BF4B-00C04F79EFBC}") = "BusinessObject", "BusinessObject\BusinessObject.csproj", "{F3474419-6C73-49E5-A70E-65A14E7C71F5}"
EndProject
Project("{FAE04EC0-301F-11D3-BF4B-00C04F79EFBC}") = "MyStoreWinApp", "MyStoreWinApp\MyStoreWinApp.csproj", "{600DC859-E768-4571-9DAD-D1796E6DBB55}"
EndProject
Project("{2150E333-8FDC-42A3-9474-1A3956D46DE8}") = "1.Presentation Layer", "1.Presentation Layer", "{2186B81A-3C04-4344-A1D6-C95CA6477CC5}"
EndProject
Project("{2150E333-8FDC-42A3-9474-1A3956D46DE8}") = "2.Business Layer", "2.Business Layer", "{DE1AA1BD-0804-4973-AE64-3E760BA1C0DE}"
EndProject
Project("{2150E333-8FDC-42A3-9474-1A3956D46DE8}") = "3.Data Layer", "3.Data Layer", "{079B6F2A-2805-4F31-863E-C0C51509576A}"
EndProject
Global
	GlobalSection(SolutionConfigurationPlatforms) = preSolution
		Debug|Any CPU = Debug|Any CPU
		Release|Any CPU = Release|Any CPU
	EndGlobalSection
	GlobalSection(ProjectConfigurationPlatforms) = postSolution
		{C1651F4A-2E0F-4011-9B05-25E6DDB13413}.Debug|Any CPU.ActiveCfg = Debug|Any CPU
		{C1651F4A-2E0F-4011-9B05-25E6DDB13413}.Debug|Any CPU.Build.0 = Debug|Any CPU
		{C1651F4A-2E0F-4011-9B05-25E6DDB13413}.Release|Any CPU.ActiveCfg = Release|Any CPU
		{C1651F4A-2E0F-4011-9B05-25E6DDB13413}.Release|Any CPU.Build.0 = Release|Any CPU
		{F3474419-6C73-49E5-A70E-65A14E7C71F5}.Debug|Any CPU.ActiveCfg = Debug|Any CPU
		{F3474419-6C73-49E5-A70E-65A14E7C71F5}.Debug|Any CPU.Build.0 = Debug|Any CPU
		{F3474419-6C73-49E5-A70E-65A14E7C71F5}.Release|Any CPU.ActiveCfg = Release|Any CPU
		{F3474419-6C73-49E5-A70E-65A14E7C71F5}.Release|Any CPU.Build.0 = Release|Any CPU
		{600DC859-E768-4571-9DAD-D1796E6DBB55}.Debug|Any CPU.ActiveCfg = Debug|Any CPU
		{600DC859-E768-4571-9DAD-D1796E6DBB55}.Debug|Any CPU.Build.0 = Debug|Any CPU
		{600DC859-E768-4571-9DAD-D1796E6DBB55}.Release|Any CPU.ActiveCfg = Release|Any CPU
		{600DC859-E768-4571-9DAD-D1796E6DBB55}.Release|Any CPU.Build.0 = Release|Any CPU
	EndGlobalSection
	GlobalSection(SolutionProperties) = preSolution
		HideSolutionNode = FALSE
	EndGlobalSection
	GlobalSection(NestedProjects) = preSolution
		{C1651F4A-2E0F-4011-9B05-25E6DDB13413} = {079B6F2A-2805-4F31-863E-C0C51509576A}
		{F3474419-6C73-49E5-A70E-65A14E7C71F5} = {DE1AA1BD-0804-4973-AE64-3E760BA1C0DE}
		{600DC859-E768-4571-9DAD-D1796E6DBB55} = {2186B81A-3C04-4344-A1D6-C95CA6477CC5}
	EndGlobalSection
	GlobalSection(ExtensibilityGlobals) = postSolution
		SolutionGuid = {D233EE0A-1563-4F93-ACB4-D298CA8EBFAC}
	EndGlobalSection
EndGlobal
